<?xml version="1.0" encoding="utf-8"?>
<Project ToolsVersion="4.0" xmlns="http://schemas.microsoft.com/developer/msbuild/2003">
  <ItemGroup>
    <Filter Include="Source Files">
      <UniqueIdentifier>{4FC737F1-C7A5-4376-A066-2A32D752A2FF}</UniqueIdentifier>
      <Extensions>cpp;c;cc;cxx;c++;cppm;ixx;def;odl;idl;hpj;bat;asm;asmx</Extensions>
    </Filter>
    <Filter Include="Header Files">
      <UniqueIdentifier>{93995380-89BD-4b04-88EB-625FBE52EBFB}</UniqueIdentifier>
      <Extensions>h;hh;hpp;hxx;h++;hm;inl;inc;ipp;xsd</Extensions>
    </Filter>
    <Filter Include="Resource Files">
      <UniqueIdentifier>{67DA6AB6-F800-4c08-8B7A-83BB121AAD01}</UniqueIdentifier>
      <Extensions>rc;ico;cur;bmp;dlg;rc2;rct;bin;rgs;gif;jpg;jpeg;jpe;resx;tiff;tif;png;wav;mfcribbon-ms</Extensions>
    </Filter>
  </ItemGroup>
  <ItemGroup>
    <ClCompile Include="source\AlphaFade.c">
      <Filter>Source Files</Filter>
    </ClCompile>
    <ClCompile Include="source\AudioContext.c">
      <Filter>Source Files</Filter>
    </ClCompile>
    <ClCompile Include="source\Button.c">
      <Filter>Source Files</Filter>
    </ClCompile>
    <ClCompile Include="source\DynamicArray.c">
      <Filter>Source Files</Filter>
    </ClCompile>
    <ClCompile Include="source\FontContext.c">
      <Filter>Source Files</Filter>
    </ClCompile>
    <ClCompile Include="source\Game.c">
      <Filter>Source Files</Filter>
    </ClCompile>
    <ClCompile Include="source\Grid.c">
      <Filter>Source Files</Filter>
    </ClCompile>
    <ClCompile Include="source\Label.c">
      <Filter>Source Files</Filter>
    </ClCompile>
    <ClCompile Include="source\LevelBar.c">
      <Filter>Source Files</Filter>
    </ClCompile>
    <ClCompile Include="source\Main.c">
      <Filter>Source Files</Filter>
    </ClCompile>
    <ClCompile Include="source\Menu.c">
      <Filter>Source Files</Filter>
    </ClCompile>
    <ClCompile Include="source\Piece.c">
      <Filter>Source Files</Filter>
    </ClCompile>
    <ClCompile Include="source\Queue.c">
      <Filter>Source Files</Filter>
    </ClCompile>
    <ClCompile Include="source\ResolutionContext.c">
      <Filter>Source Files</Filter>
    </ClCompile>
    <ClCompile Include="source\ToggleIcon.c">
      <Filter>Source Files</Filter>
    </ClCompile>
  </ItemGroup>
  <ItemGroup>
    <ClInclude Include="include\AlphaFade.h">
      <Filter>Header Files</Filter>
    </ClInclude>
    <ClInclude Include="include\AudioContext.h">
      <Filter>Header Files</Filter>
    </ClInclude>
    <ClInclude Include="include\Button.h">
      <Filter>Header Files</Filter>
    </ClInclude>
    <ClInclude Include="include\Constants.h">
      <Filter>Header Files</Filter>
    </ClInclude>
    <ClInclude Include="include\DynamicArray.h">
      <Filter>Header Files</Filter>
    </ClInclude>
    <ClInclude Include="include\FontContext.h">
      <Filter>Header Files</Filter>
    </ClInclude>
    <ClInclude Include="include\Game.h">
      <Filter>Header Files</Filter>
    </ClInclude>
    <ClInclude Include="include\Grid.h">
      <Filter>Header Files</Filter>
    </ClInclude>
    <ClInclude Include="include\Label.h">
      <Filter>Header Files</Filter>
    </ClInclude>
    <ClInclude Include="include\LevelBar.h">
      <Filter>Header Files</Filter>
    </ClInclude>
    <ClInclude Include="include\Menu.h">
      <Filter>Header Files</Filter>
    </ClInclude>
    <ClInclude Include="include\Paths.h">
      <Filter>Header Files</Filter>
    </ClInclude>
    <ClInclude Include="include\Piece.h">
      <Filter>Header Files</Filter>
    </ClInclude>
    <ClInclude Include="include\Queue.h">
      <Filter>Header Files</Filter>
    </ClInclude>
    <ClInclude Include="include\ResolutionContext.h">
      <Filter>Header Files</Filter>
    </ClInclude>
    <ClInclude Include="include\ToggleIcon.h">
      <Filter>Header Files</Filter>
    </ClInclude>
    <ClInclude Include="resource.h">
      <Filter>Header Files</Filter>
    </ClInclude>
  </ItemGroup>
  <ItemGroup>
    <ResourceCompile Include="Resource.rc">
      <Filter>Resource Files</Filter>
    </ResourceCompile>
  </ItemGroup>
  <ItemGroup>
    <Image Include="assets\icon\icon.ico">
      <Filter>Resource Files</Filter>
    </Image>
  </ItemGroup>
</Project>